
Microsoft Visual Studio Solution File, Format Version 12.00
# Visual Studio Version 17
VisualStudioVersion = 17.14.36414.22
MinimumVisualStudioVersion = 10.0.40219.1
Project("{FAE04EC0-301F-11D3-BF4B-00C04F79EFBC}") = "BallanceTasEditor", "BallanceTasEditor\BallanceTasEditor.csproj", "{DD898514-03ED-4257-AFD1-290EEDF68113}"
EndProject
Project("{FAE04EC0-301F-11D3-BF4B-00C04F79EFBC}") = "BallanceTasEditorTest", "BallanceTasEditorTest\BallanceTasEditorTest.csproj", "{1DC1A8CD-E963-4FF8-91D9-059522419961}"
EndProject
Global
	GlobalSection(SolutionConfigurationPlatforms) = preSolution
		Debug|Any CPU = Debug|Any CPU
		Release|Any CPU = Release|Any CPU
	EndGlobalSection
	GlobalSection(ProjectConfigurationPlatforms) = postSolution
		{DD898514-03ED-4257-AFD1-290EEDF68113}.Debug|Any CPU.ActiveCfg = Debug|Any CPU
		{DD898514-03ED-4257-AFD1-290EEDF68113}.Debug|Any CPU.Build.0 = Debug|Any CPU
		{DD898514-03ED-4257-AFD1-290EEDF68113}.Release|Any CPU.ActiveCfg = Release|Any CPU
		{DD898514-03ED-4257-AFD1-290EEDF68113}.Release|Any CPU.Build.0 = Release|Any CPU
		{1DC1A8CD-E963-4FF8-91D9-059522419961}.Debug|Any CPU.ActiveCfg = Debug|Any CPU
		{1DC1A8CD-E963-4FF8-91D9-059522419961}.Debug|Any CPU.Build.0 = Debug|Any CPU
		{1DC1A8CD-E963-4FF8-91D9-059522419961}.Release|Any CPU.ActiveCfg = Release|Any CPU
		{1DC1A8CD-E963-4FF8-91D9-059522419961}.Release|Any CPU.Build.0 = Release|Any CPU
	EndGlobalSection
	GlobalSection(SolutionProperties) = preSolution
		HideSolutionNode = FALSE
	EndGlobalSection
	GlobalSection(ExtensibilityGlobals) = postSolution
		SolutionGuid = {5A4468A2-79ED-47F3-80FE-299A89DE9D0E}
	EndGlobalSection
EndGlobal
